
Microsoft Visual Studio Solution File, Format Version 12.00
# Visual Studio 15
Project("{FAE04EC0-301F-11D3-BF4B-00C04F79EFBC}") = "Assembly-CSharp", "Assembly-CSharp.csproj", "{250C2B0A-4897-3F59-D516-48EDCBB3733E}"
EndProject
Project("{FAE04EC0-301F-11D3-BF4B-00C04F79EFBC}") = "NavMeshComponents", "NavMeshComponents.csproj", "{2F508E6A-9782-E34E-9063-E4D993D5EC85}"
EndProject
Project("{FAE04EC0-301F-11D3-BF4B-00C04F79EFBC}") = "NavMeshComponentsEditor", "NavMeshComponentsEditor.csproj", "{72E03359-0594-F1B8-FEEA-033062CAD0A0}"
EndProject
Global
	GlobalSection(SolutionConfigurationPlatforms) = preSolution
		Debug|Any CPU = Debug|Any CPU
		Release|Any CPU = Release|Any CPU
	EndGlobalSection
	GlobalSection(ProjectConfigurationPlatforms) = postSolution
		{250C2B0A-4897-3F59-D516-48EDCBB3733E}.Debug|Any CPU.ActiveCfg = Debug|Any CPU
		{250C2B0A-4897-3F59-D516-48EDCBB3733E}.Debug|Any CPU.Build.0 = Debug|Any CPU
		{250C2B0A-4897-3F59-D516-48EDCBB3733E}.Release|Any CPU.ActiveCfg = Release|Any CPU
		{250C2B0A-4897-3F59-D516-48EDCBB3733E}.Release|Any CPU.Build.0 = Release|Any CPU
		{2F508E6A-9782-E34E-9063-E4D993D5EC85}.Debug|Any CPU.ActiveCfg = Debug|Any CPU
		{2F508E6A-9782-E34E-9063-E4D993D5EC85}.Debug|Any CPU.Build.0 = Debug|Any CPU
		{2F508E6A-9782-E34E-9063-E4D993D5EC85}.Release|Any CPU.ActiveCfg = Release|Any CPU
		{2F508E6A-9782-E34E-9063-E4D993D5EC85}.Release|Any CPU.Build.0 = Release|Any CPU
		{72E03359-0594-F1B8-FEEA-033062CAD0A0}.Debug|Any CPU.ActiveCfg = Debug|Any CPU
		{72E03359-0594-F1B8-FEEA-033062CAD0A0}.Debug|Any CPU.Build.0 = Debug|Any CPU
		{72E03359-0594-F1B8-FEEA-033062CAD0A0}.Release|Any CPU.ActiveCfg = Release|Any CPU
		{72E03359-0594-F1B8-FEEA-033062CAD0A0}.Release|Any CPU.Build.0 = Release|Any CPU
	EndGlobalSection
	GlobalSection(SolutionProperties) = preSolution
		HideSolutionNode = FALSE
	EndGlobalSection
EndGlobal
